# THIS IS AN AUTOGENERATED FILE. DO NOT EDIT THIS FILE DIRECTLY.
# yarn lockfile v1


ts-toolbelt@^8.0.3:
  version "8.0.3"
  resolved "https://registry.yarnpkg.com/ts-toolbelt/-/ts-toolbelt-8.0.3.tgz#d4136466dfb731e8ad1f890303dae176beb27710"
  integrity sha512-gxgyIVxf5B1ToZfA4cojFS3h2jPSxYWjvKehkuCVejMdnATeBdxY0tqCSr3okkwfSA3V5TBoWeYGVfLpMBfSMA==

typescript@^4.1.0-dev.20201031:
  version "4.1.0-dev.20201031"
  resolved "https://registry.yarnpkg.com/typescript/-/typescript-4.1.0-dev.20201031.tgz#dc22e94fc8973429b9cafb822f2b2893c4687c47"
  integrity sha512-CKb8JmmalLabmdlUUa04m0F3Dam9ozHG/dHlHQTNMGZs+1P8TLyNPWETXFc6FI+2cUhiMR23nv0HhG3RPhGhjQ==
