# THIS IS AN AUTOGENERATED FILE. DO NOT EDIT THIS FILE DIRECTLY.
# yarn lockfile v1


ts-toolbelt@^8.0.3:
  version "8.0.3"
  resolved "https://registry.yarnpkg.com/ts-toolbelt/-/ts-toolbelt-8.0.3.tgz#d4136466dfb731e8ad1f890303dae176beb27710"
  integrity sha512-gxgyIVxf5B1ToZfA4cojFS3h2jPSxYWjvKehkuCVejMdnATeBdxY0tqCSr3okkwfSA3V5TBoWeYGVfLpMBfSMA==

"typescript@https://typescript.visualstudio.com/cf7ac146-d525-443c-b23c-0d58337efebc/_apis/build/builds/84063/artifacts?artifactName=tgz&fileId=4465AA11D21F5E557BDCD1040C8370517166418E3ED01C3D0A063D2BB5C98DB902&fileName=/typescript-4.1.0-insiders.20200903.tgz":
  version "4.1.0-insiders.20200903"
  resolved "https://typescript.visualstudio.com/cf7ac146-d525-443c-b23c-0d58337efebc/_apis/build/builds/84063/artifacts?artifactName=tgz&fileId=4465AA11D21F5E557BDCD1040C8370517166418E3ED01C3D0A063D2BB5C98DB902&fileName=/typescript-4.1.0-insiders.20200903.tgz#9b5333d22daa35ffbc2deb7a879d46e95fc3a768"
