# THIS IS AN AUTOGENERATED FILE. DO NOT EDIT THIS FILE DIRECTLY.
# yarn lockfile v1


typescript@^4.4.0-beta:
  version "4.4.0-beta"
  resolved "https://registry.yarnpkg.com/typescript/-/typescript-4.4.0-beta.tgz#a5b8a3a0d260fa5ce84daa3ab58f7102ad19a655"
  integrity sha512-qMxA8NzN3igwX8Mii7MXGNW+YeFAkUKyKg+x4F1CCFsO36LqISf1EXXSOLDuRIdGjdVvV53grRxfHjOW65YfMA==
