# THIS IS AN AUTOGENERATED FILE. DO NOT EDIT THIS FILE DIRECTLY.
# yarn lockfile v1


ts-toolbelt@^8.0.3:
  version "8.0.7"
  resolved "https://registry.yarnpkg.com/ts-toolbelt/-/ts-toolbelt-8.0.7.tgz#4dad2928831a811ee17dbdab6eb1919fc0a295bf"
  integrity sha512-KICHyKxc5Nu34kyoODrEe2+zvuQQaubTJz7pnC5RQ19TH/Jged1xv+h8LBrouaSD310m75oAljYs59LNHkLDkQ==

"txstate@file:..":
  version "0.0.0"
  dependencies:
    ts-toolbelt "^8.0.3"

typescript@^4.1.3:
  version "4.1.3"
  resolved "https://registry.yarnpkg.com/typescript/-/typescript-4.1.3.tgz#519d582bd94cba0cf8934c7d8e8467e473f53bb7"
  integrity sha512-B3ZIOf1IKeH2ixgHhj6la6xdwR9QrLC5d1VKeCSY4tvkqhF2eqd9O7txNlS0PO3GrBAFIdr3L1ndNwteUbZLYg==
